// !$*UTF8*$!
{
	archiveVersion = 1;
	classes = {
	};
	objectVersion = 46;
	objects = {

/* Begin PBXBuildFile section */
		206BA4DB225534FE002D6B8E /* DZRAssets.swift in Sources */ = {isa = PBXBuildFile; fileRef = 206BA4DA225534FE002D6B8E /* DZRAssets.swift */; };
		207BDDBF22528C67006F938C /* Track.swift in Sources */ = {isa = PBXBuildFile; fileRef = 207BDDBE22528C67006F938C /* Track.swift */; };
		207BDDC42252906D006F938C /* AlbumDetailsViewModel.swift in Sources */ = {isa = PBXBuildFile; fileRef = 207BDDC32252906D006F938C /* AlbumDetailsViewModel.swift */; };
		207BDDC6225290AB006F938C /* AlbumDetailsViewController.swift in Sources */ = {isa = PBXBuildFile; fileRef = 207BDDC5225290AB006F938C /* AlbumDetailsViewController.swift */; };
		5229AEF3225495490018E1CD /* NetworkService.swift in Sources */ = {isa = PBXBuildFile; fileRef = 5229AEF2225495490018E1CD /* NetworkService.swift */; };
		5229AEF5225498D70018E1CD /* SearchArtistsViewModel.swift in Sources */ = {isa = PBXBuildFile; fileRef = 5229AEF4225498D70018E1CD /* SearchArtistsViewModel.swift */; };
		5240DB762255F4AD00FD5CA8 /* OtherArtistCell.swift in Sources */ = {isa = PBXBuildFile; fileRef = 5240DB752255F4AD00FD5CA8 /* OtherArtistCell.swift */; };
		5240DB8C2256316900FD5CA8 /* ArtistTests.swift in Sources */ = {isa = PBXBuildFile; fileRef = 5240DB8B2256316900FD5CA8 /* ArtistTests.swift */; };
		5240DB8D225636B500FD5CA8 /* Artist.swift in Sources */ = {isa = PBXBuildFile; fileRef = 5287D02622537D540068B509 /* Artist.swift */; };
		5240DB8F2256379A00FD5CA8 /* TrackTests.swift in Sources */ = {isa = PBXBuildFile; fileRef = 5240DB8E2256379A00FD5CA8 /* TrackTests.swift */; };
		5240DB90225637B700FD5CA8 /* Track.swift in Sources */ = {isa = PBXBuildFile; fileRef = 207BDDBE22528C67006F938C /* Track.swift */; };
		5240DB92225638A000FD5CA8 /* AlbumTests.swift in Sources */ = {isa = PBXBuildFile; fileRef = 5240DB91225638A000FD5CA8 /* AlbumTests.swift */; };
		5240DB93225638BD00FD5CA8 /* Album.swift in Sources */ = {isa = PBXBuildFile; fileRef = 5287D00922533CE40068B509 /* Album.swift */; };
		5240DB952256399F00FD5CA8 /* NetworkServiceTests.swift in Sources */ = {isa = PBXBuildFile; fileRef = 5240DB942256399F00FD5CA8 /* NetworkServiceTests.swift */; };
		5240DB96225639E400FD5CA8 /* NetworkService.swift in Sources */ = {isa = PBXBuildFile; fileRef = 5229AEF2225495490018E1CD /* NetworkService.swift */; };
		5240DB9722563A0200FD5CA8 /* DZRError.swift in Sources */ = {isa = PBXBuildFile; fileRef = 5287D00D225341370068B509 /* DZRError.swift */; };
		5240DB9922563F1900FD5CA8 /* PlayerServiceTests.swift in Sources */ = {isa = PBXBuildFile; fileRef = 5240DB9822563F1900FD5CA8 /* PlayerServiceTests.swift */; };
		5240DB9A22563F2200FD5CA8 /* PlayerService.swift in Sources */ = {isa = PBXBuildFile; fileRef = 52CA94E222550523003BEB19 /* PlayerService.swift */; };
		5240DB9C2256408900FD5CA8 /* DZRImageViewTests.swift in Sources */ = {isa = PBXBuildFile; fileRef = 5240DB9B2256408900FD5CA8 /* DZRImageViewTests.swift */; };
		5240DB9D225640B000FD5CA8 /* DZRImageView.swift in Sources */ = {isa = PBXBuildFile; fileRef = 52EE47A02254D31000D8409B /* DZRImageView.swift */; };
		5240DBA72256426600FD5CA8 /* DeezerExerciceUITests.swift in Sources */ = {isa = PBXBuildFile; fileRef = 5240DBA62256426600FD5CA8 /* DeezerExerciceUITests.swift */; };
		5240DBAF22565BFD00FD5CA8 /* CacheService.swift in Sources */ = {isa = PBXBuildFile; fileRef = 5240DBAE22565BFD00FD5CA8 /* CacheService.swift */; };
		5240DBB1225662A300FD5CA8 /* CacheServiceTests.swift in Sources */ = {isa = PBXBuildFile; fileRef = 5240DBB0225662A300FD5CA8 /* CacheServiceTests.swift */; };
		5240DBB2225662D400FD5CA8 /* CacheService.swift in Sources */ = {isa = PBXBuildFile; fileRef = 5240DBAE22565BFD00FD5CA8 /* CacheService.swift */; };
		5287D00A22533CE40068B509 /* Album.swift in Sources */ = {isa = PBXBuildFile; fileRef = 5287D00922533CE40068B509 /* Album.swift */; };
		5287D00E225341370068B509 /* DZRError.swift in Sources */ = {isa = PBXBuildFile; fileRef = 5287D00D225341370068B509 /* DZRError.swift */; };
		5287D013225352490068B509 /* UIViewController+Alert.swift in Sources */ = {isa = PBXBuildFile; fileRef = 5287D012225352490068B509 /* UIViewController+Alert.swift */; };
		5287D015225358F60068B509 /* TrackCell.swift in Sources */ = {isa = PBXBuildFile; fileRef = 5287D014225358F60068B509 /* TrackCell.swift */; };
		5287D02722537D540068B509 /* Artist.swift in Sources */ = {isa = PBXBuildFile; fileRef = 5287D02622537D540068B509 /* Artist.swift */; };
		5287D02B22538E6E0068B509 /* DZRColors.swift in Sources */ = {isa = PBXBuildFile; fileRef = 5287D02A22538E6E0068B509 /* DZRColors.swift */; };
		5287D02F2253964A0068B509 /* DZRFonts.swift in Sources */ = {isa = PBXBuildFile; fileRef = 5287D02E2253964A0068B509 /* DZRFonts.swift */; };
		5287D0332253B8250068B509 /* UIView+Gradient.swift in Sources */ = {isa = PBXBuildFile; fileRef = 5287D0322253B8250068B509 /* UIView+Gradient.swift */; };
		52CA94E322550523003BEB19 /* PlayerService.swift in Sources */ = {isa = PBXBuildFile; fileRef = 52CA94E222550523003BEB19 /* PlayerService.swift */; };
		52CA94E92255E5B8003BEB19 /* SearchArtistsHeaderView.swift in Sources */ = {isa = PBXBuildFile; fileRef = 52CA94E82255E5B8003BEB19 /* SearchArtistsHeaderView.swift */; };
		52EE47A12254D31000D8409B /* DZRImageView.swift in Sources */ = {isa = PBXBuildFile; fileRef = 52EE47A02254D31000D8409B /* DZRImageView.swift */; };
		5C1A7D851A6558BB00092761 /* main.m in Sources */ = {isa = PBXBuildFile; fileRef = 5C1A7D841A6558BB00092761 /* main.m */; };
		5C1A7D881A6558BB00092761 /* AppDelegate.m in Sources */ = {isa = PBXBuildFile; fileRef = 5C1A7D871A6558BB00092761 /* AppDelegate.m */; };
		5C1A7D8E1A6558BB00092761 /* Main.storyboard in Resources */ = {isa = PBXBuildFile; fileRef = 5C1A7D8C1A6558BB00092761 /* Main.storyboard */; };
		5C1A7D901A6558BB00092761 /* Images.xcassets in Resources */ = {isa = PBXBuildFile; fileRef = 5C1A7D8F1A6558BB00092761 /* Images.xcassets */; };
		5C1A7D931A6558BB00092761 /* LaunchScreen.xib in Resources */ = {isa = PBXBuildFile; fileRef = 5C1A7D911A6558BB00092761 /* LaunchScreen.xib */; };
		5C1A7DAA1A65897200092761 /* SearchArtistsViewController.m in Sources */ = {isa = PBXBuildFile; fileRef = 5C1A7DA91A65897200092761 /* SearchArtistsViewController.m */; };
		5C3304271A6E99B500561778 /* PopularArtistCell.m in Sources */ = {isa = PBXBuildFile; fileRef = 5C3304261A6E99B500561778 /* PopularArtistCell.m */; };
/* End PBXBuildFile section */

/* Begin PBXContainerItemProxy section */
		5240DBA92256426600FD5CA8 /* PBXContainerItemProxy */ = {
			isa = PBXContainerItemProxy;
			containerPortal = 5C1A7D771A6558BB00092761 /* Project object */;
			proxyType = 1;
			remoteGlobalIDString = 5C1A7D7E1A6558BB00092761;
			remoteInfo = DeezerExercice;
		};
		5C1A7D991A6558BC00092761 /* PBXContainerItemProxy */ = {
			isa = PBXContainerItemProxy;
			containerPortal = 5C1A7D771A6558BB00092761 /* Project object */;
			proxyType = 1;
			remoteGlobalIDString = 5C1A7D7E1A6558BB00092761;
			remoteInfo = DeezerExercice;
		};
/* End PBXContainerItemProxy section */

/* Begin PBXFileReference section */
		206BA4DA225534FE002D6B8E /* DZRAssets.swift */ = {isa = PBXFileReference; lastKnownFileType = sourcecode.swift; path = DZRAssets.swift; sourceTree = "<group>"; };
		207BDDB12252408B006F938C /* DeezerExercice-Bridging-Header.h */ = {isa = PBXFileReference; lastKnownFileType = sourcecode.c.h; path = "DeezerExercice-Bridging-Header.h"; sourceTree = "<group>"; };
		207BDDBE22528C67006F938C /* Track.swift */ = {isa = PBXFileReference; lastKnownFileType = sourcecode.swift; path = Track.swift; sourceTree = "<group>"; };
		207BDDC32252906D006F938C /* AlbumDetailsViewModel.swift */ = {isa = PBXFileReference; lastKnownFileType = sourcecode.swift; path = AlbumDetailsViewModel.swift; sourceTree = "<group>"; };
		207BDDC5225290AB006F938C /* AlbumDetailsViewController.swift */ = {isa = PBXFileReference; lastKnownFileType = sourcecode.swift; path = AlbumDetailsViewController.swift; sourceTree = "<group>"; };
		5229AEF2225495490018E1CD /* NetworkService.swift */ = {isa = PBXFileReference; lastKnownFileType = sourcecode.swift; path = NetworkService.swift; sourceTree = "<group>"; };
		5229AEF4225498D70018E1CD /* SearchArtistsViewModel.swift */ = {isa = PBXFileReference; lastKnownFileType = sourcecode.swift; path = SearchArtistsViewModel.swift; sourceTree = "<group>"; };
		5240DB752255F4AD00FD5CA8 /* OtherArtistCell.swift */ = {isa = PBXFileReference; lastKnownFileType = sourcecode.swift; path = OtherArtistCell.swift; sourceTree = "<group>"; };
		5240DB8A2256316900FD5CA8 /* DeezerExerciceTests-Bridging-Header.h */ = {isa = PBXFileReference; lastKnownFileType = sourcecode.c.h; path = "DeezerExerciceTests-Bridging-Header.h"; sourceTree = "<group>"; };
		5240DB8B2256316900FD5CA8 /* ArtistTests.swift */ = {isa = PBXFileReference; lastKnownFileType = sourcecode.swift; path = ArtistTests.swift; sourceTree = "<group>"; };
		5240DB8E2256379A00FD5CA8 /* TrackTests.swift */ = {isa = PBXFileReference; lastKnownFileType = sourcecode.swift; path = TrackTests.swift; sourceTree = "<group>"; };
		5240DB91225638A000FD5CA8 /* AlbumTests.swift */ = {isa = PBXFileReference; lastKnownFileType = sourcecode.swift; path = AlbumTests.swift; sourceTree = "<group>"; };
		5240DB942256399F00FD5CA8 /* NetworkServiceTests.swift */ = {isa = PBXFileReference; lastKnownFileType = sourcecode.swift; path = NetworkServiceTests.swift; sourceTree = "<group>"; };
		5240DB9822563F1900FD5CA8 /* PlayerServiceTests.swift */ = {isa = PBXFileReference; lastKnownFileType = sourcecode.swift; path = PlayerServiceTests.swift; sourceTree = "<group>"; };
		5240DB9B2256408900FD5CA8 /* DZRImageViewTests.swift */ = {isa = PBXFileReference; lastKnownFileType = sourcecode.swift; path = DZRImageViewTests.swift; sourceTree = "<group>"; };
		5240DBA42256426600FD5CA8 /* DeezerExerciceUITests.xctest */ = {isa = PBXFileReference; explicitFileType = wrapper.cfbundle; includeInIndex = 0; path = DeezerExerciceUITests.xctest; sourceTree = BUILT_PRODUCTS_DIR; };
		5240DBA62256426600FD5CA8 /* DeezerExerciceUITests.swift */ = {isa = PBXFileReference; lastKnownFileType = sourcecode.swift; path = DeezerExerciceUITests.swift; sourceTree = "<group>"; };
		5240DBA82256426600FD5CA8 /* Info.plist */ = {isa = PBXFileReference; lastKnownFileType = text.plist.xml; path = Info.plist; sourceTree = "<group>"; };
		5240DBAE22565BFD00FD5CA8 /* CacheService.swift */ = {isa = PBXFileReference; lastKnownFileType = sourcecode.swift; path = CacheService.swift; sourceTree = "<group>"; };
		5240DBB0225662A300FD5CA8 /* CacheServiceTests.swift */ = {isa = PBXFileReference; lastKnownFileType = sourcecode.swift; path = CacheServiceTests.swift; sourceTree = "<group>"; };
		5287D00922533CE40068B509 /* Album.swift */ = {isa = PBXFileReference; lastKnownFileType = sourcecode.swift; path = Album.swift; sourceTree = "<group>"; };
		5287D00D225341370068B509 /* DZRError.swift */ = {isa = PBXFileReference; lastKnownFileType = sourcecode.swift; path = DZRError.swift; sourceTree = "<group>"; };
		5287D012225352490068B509 /* UIViewController+Alert.swift */ = {isa = PBXFileReference; lastKnownFileType = sourcecode.swift; path = "UIViewController+Alert.swift"; sourceTree = "<group>"; };
		5287D014225358F60068B509 /* TrackCell.swift */ = {isa = PBXFileReference; lastKnownFileType = sourcecode.swift; path = TrackCell.swift; sourceTree = "<group>"; };
		5287D02622537D540068B509 /* Artist.swift */ = {isa = PBXFileReference; lastKnownFileType = sourcecode.swift; path = Artist.swift; sourceTree = "<group>"; };
		5287D02A22538E6E0068B509 /* DZRColors.swift */ = {isa = PBXFileReference; lastKnownFileType = sourcecode.swift; path = DZRColors.swift; sourceTree = "<group>"; };
		5287D02E2253964A0068B509 /* DZRFonts.swift */ = {isa = PBXFileReference; lastKnownFileType = sourcecode.swift; path = DZRFonts.swift; sourceTree = "<group>"; };
		5287D0322253B8250068B509 /* UIView+Gradient.swift */ = {isa = PBXFileReference; lastKnownFileType = sourcecode.swift; path = "UIView+Gradient.swift"; sourceTree = "<group>"; };
		52CA94E222550523003BEB19 /* PlayerService.swift */ = {isa = PBXFileReference; lastKnownFileType = sourcecode.swift; path = PlayerService.swift; sourceTree = "<group>"; };
		52CA94E82255E5B8003BEB19 /* SearchArtistsHeaderView.swift */ = {isa = PBXFileReference; lastKnownFileType = sourcecode.swift; path = SearchArtistsHeaderView.swift; sourceTree = "<group>"; };
		52EE47A02254D31000D8409B /* DZRImageView.swift */ = {isa = PBXFileReference; lastKnownFileType = sourcecode.swift; path = DZRImageView.swift; sourceTree = "<group>"; };
		5C1A7D7F1A6558BB00092761 /* DeezerExercice.app */ = {isa = PBXFileReference; explicitFileType = wrapper.application; includeInIndex = 0; path = DeezerExercice.app; sourceTree = BUILT_PRODUCTS_DIR; };
		5C1A7D831A6558BB00092761 /* Info.plist */ = {isa = PBXFileReference; lastKnownFileType = text.plist.xml; path = Info.plist; sourceTree = "<group>"; };
		5C1A7D841A6558BB00092761 /* main.m */ = {isa = PBXFileReference; lastKnownFileType = sourcecode.c.objc; path = main.m; sourceTree = "<group>"; };
		5C1A7D861A6558BB00092761 /* AppDelegate.h */ = {isa = PBXFileReference; lastKnownFileType = sourcecode.c.h; path = AppDelegate.h; sourceTree = "<group>"; };
		5C1A7D871A6558BB00092761 /* AppDelegate.m */ = {isa = PBXFileReference; lastKnownFileType = sourcecode.c.objc; path = AppDelegate.m; sourceTree = "<group>"; };
		5C1A7D8D1A6558BB00092761 /* Base */ = {isa = PBXFileReference; lastKnownFileType = file.storyboard; name = Base; path = Base.lproj/Main.storyboard; sourceTree = "<group>"; };
		5C1A7D8F1A6558BB00092761 /* Images.xcassets */ = {isa = PBXFileReference; lastKnownFileType = folder.assetcatalog; path = Images.xcassets; sourceTree = "<group>"; };
		5C1A7D921A6558BB00092761 /* Base */ = {isa = PBXFileReference; lastKnownFileType = file.xib; name = Base; path = Base.lproj/LaunchScreen.xib; sourceTree = "<group>"; };
		5C1A7D981A6558BC00092761 /* DeezerExerciceTests.xctest */ = {isa = PBXFileReference; explicitFileType = wrapper.cfbundle; includeInIndex = 0; path = DeezerExerciceTests.xctest; sourceTree = BUILT_PRODUCTS_DIR; };
		5C1A7D9D1A6558BC00092761 /* Info.plist */ = {isa = PBXFileReference; lastKnownFileType = text.plist.xml; path = Info.plist; sourceTree = "<group>"; };
		5C1A7DA81A65897200092761 /* SearchArtistsViewController.h */ = {isa = PBXFileReference; fileEncoding = 4; lastKnownFileType = sourcecode.c.h; path = SearchArtistsViewController.h; sourceTree = "<group>"; };
		5C1A7DA91A65897200092761 /* SearchArtistsViewController.m */ = {isa = PBXFileReference; fileEncoding = 4; lastKnownFileType = sourcecode.c.objc; path = SearchArtistsViewController.m; sourceTree = "<group>"; };
		5C3304251A6E99B500561778 /* PopularArtistCell.h */ = {isa = PBXFileReference; fileEncoding = 4; lastKnownFileType = sourcecode.c.h; path = PopularArtistCell.h; sourceTree = "<group>"; };
		5C3304261A6E99B500561778 /* PopularArtistCell.m */ = {isa = PBXFileReference; fileEncoding = 4; lastKnownFileType = sourcecode.c.objc; path = PopularArtistCell.m; sourceTree = "<group>"; };
/* End PBXFileReference section */

/* Begin PBXFrameworksBuildPhase section */
		5240DBA12256426600FD5CA8 /* Frameworks */ = {
			isa = PBXFrameworksBuildPhase;
			buildActionMask = 2147483647;
			files = (
			);
			runOnlyForDeploymentPostprocessing = 0;
		};
		5C1A7D7C1A6558BB00092761 /* Frameworks */ = {
			isa = PBXFrameworksBuildPhase;
			buildActionMask = 2147483647;
			files = (
			);
			runOnlyForDeploymentPostprocessing = 0;
		};
		5C1A7D951A6558BC00092761 /* Frameworks */ = {
			isa = PBXFrameworksBuildPhase;
			buildActionMask = 2147483647;
			files = (
			);
			runOnlyForDeploymentPostprocessing = 0;
		};
/* End PBXFrameworksBuildPhase section */

/* Begin PBXGroup section */
		207BDDA722523C1D006F938C /* Source */ = {
			isa = PBXGroup;
			children = (
				207BDDA922523C47006F938C /* App */,
				207BDDAB22523C52006F938C /* Entities */,
				207BDDB02252407B006F938C /* Misc */,
				5287D0112253522B0068B509 /* Extensions */,
				52EE479F2254D2E900D8409B /* DZRComponents */,
				207BDDC722529791006F938C /* Services */,
				207BDDAA22523C4C006F938C /* Scenes */,
			);
			name = Source;
			sourceTree = "<group>";
		};
		207BDDA922523C47006F938C /* App */ = {
			isa = PBXGroup;
			children = (
				5C1A7D861A6558BB00092761 /* AppDelegate.h */,
				5C1A7D871A6558BB00092761 /* AppDelegate.m */,
			);
			name = App;
			sourceTree = "<group>";
		};
		207BDDAA22523C4C006F938C /* Scenes */ = {
			isa = PBXGroup;
			children = (
				207BDDC222528EDD006F938C /* AlbumDetails */,
				207BDDAC22523C67006F938C /* SearchArtists */,
			);
			name = Scenes;
			sourceTree = "<group>";
		};
		207BDDAB22523C52006F938C /* Entities */ = {
			isa = PBXGroup;
			children = (
				207BDDBE22528C67006F938C /* Track.swift */,
				5287D00922533CE40068B509 /* Album.swift */,
				5287D02622537D540068B509 /* Artist.swift */,
			);
			name = Entities;
			sourceTree = "<group>";
		};
		207BDDAC22523C67006F938C /* SearchArtists */ = {
			isa = PBXGroup;
			children = (
				5229AEF4225498D70018E1CD /* SearchArtistsViewModel.swift */,
				5C1A7DA81A65897200092761 /* SearchArtistsViewController.h */,
				5C1A7DA91A65897200092761 /* SearchArtistsViewController.m */,
				5C3304251A6E99B500561778 /* PopularArtistCell.h */,
				5C3304261A6E99B500561778 /* PopularArtistCell.m */,
				5240DB752255F4AD00FD5CA8 /* OtherArtistCell.swift */,
				52CA94E82255E5B8003BEB19 /* SearchArtistsHeaderView.swift */,
			);
			name = SearchArtists;
			sourceTree = "<group>";
		};
		207BDDB02252407B006F938C /* Misc */ = {
			isa = PBXGroup;
			children = (
				206BA4DA225534FE002D6B8E /* DZRAssets.swift */,
				5287D00D225341370068B509 /* DZRError.swift */,
				5287D02A22538E6E0068B509 /* DZRColors.swift */,
				5287D02E2253964A0068B509 /* DZRFonts.swift */,
			);
			name = Misc;
			sourceTree = "<group>";
		};
		207BDDC222528EDD006F938C /* AlbumDetails */ = {
			isa = PBXGroup;
			children = (
				207BDDC32252906D006F938C /* AlbumDetailsViewModel.swift */,
				207BDDC5225290AB006F938C /* AlbumDetailsViewController.swift */,
				5287D014225358F60068B509 /* TrackCell.swift */,
			);
			name = AlbumDetails;
			sourceTree = "<group>";
		};
		207BDDC722529791006F938C /* Services */ = {
			isa = PBXGroup;
			children = (
				5229AEF2225495490018E1CD /* NetworkService.swift */,
				52CA94E222550523003BEB19 /* PlayerService.swift */,
				5240DBAE22565BFD00FD5CA8 /* CacheService.swift */,
			);
			name = Services;
			sourceTree = "<group>";
		};
		5240DBA52256426600FD5CA8 /* DeezerExerciceUITests */ = {
			isa = PBXGroup;
			children = (
				5240DBA62256426600FD5CA8 /* DeezerExerciceUITests.swift */,
				5240DBA82256426600FD5CA8 /* Info.plist */,
			);
			path = DeezerExerciceUITests;
			sourceTree = "<group>";
		};
		5287D0112253522B0068B509 /* Extensions */ = {
			isa = PBXGroup;
			children = (
				5287D012225352490068B509 /* UIViewController+Alert.swift */,
				5287D0322253B8250068B509 /* UIView+Gradient.swift */,
			);
			name = Extensions;
			sourceTree = "<group>";
		};
		52EE479F2254D2E900D8409B /* DZRComponents */ = {
			isa = PBXGroup;
			children = (
				52EE47A02254D31000D8409B /* DZRImageView.swift */,
			);
			name = DZRComponents;
			sourceTree = "<group>";
		};
		5C1A7D761A6558BB00092761 = {
			isa = PBXGroup;
			children = (
				5C1A7D811A6558BB00092761 /* DeezerExercice */,
				5C1A7D9B1A6558BC00092761 /* DeezerExerciceTests */,
				5240DBA52256426600FD5CA8 /* DeezerExerciceUITests */,
				5C1A7D801A6558BB00092761 /* Products */,
			);
			sourceTree = "<group>";
		};
		5C1A7D801A6558BB00092761 /* Products */ = {
			isa = PBXGroup;
			children = (
				5C1A7D7F1A6558BB00092761 /* DeezerExercice.app */,
				5C1A7D981A6558BC00092761 /* DeezerExerciceTests.xctest */,
				5240DBA42256426600FD5CA8 /* DeezerExerciceUITests.xctest */,
			);
			name = Products;
			sourceTree = "<group>";
		};
		5C1A7D811A6558BB00092761 /* DeezerExercice */ = {
			isa = PBXGroup;
			children = (
				207BDDA722523C1D006F938C /* Source */,
				5C1A7D821A6558BB00092761 /* Resources */,
			);
			path = DeezerExercice;
			sourceTree = "<group>";
		};
		5C1A7D821A6558BB00092761 /* Resources */ = {
			isa = PBXGroup;
			children = (
				207BDDB12252408B006F938C /* DeezerExercice-Bridging-Header.h */,
				5C1A7D8C1A6558BB00092761 /* Main.storyboard */,
				5C1A7D8F1A6558BB00092761 /* Images.xcassets */,
				5C1A7D911A6558BB00092761 /* LaunchScreen.xib */,
				5C1A7D831A6558BB00092761 /* Info.plist */,
				5C1A7D841A6558BB00092761 /* main.m */,
			);
			name = Resources;
			sourceTree = "<group>";
		};
		5C1A7D9B1A6558BC00092761 /* DeezerExerciceTests */ = {
			isa = PBXGroup;
			children = (
				5240DB8B2256316900FD5CA8 /* ArtistTests.swift */,
				5240DB8E2256379A00FD5CA8 /* TrackTests.swift */,
				5240DB91225638A000FD5CA8 /* AlbumTests.swift */,
				5240DB942256399F00FD5CA8 /* NetworkServiceTests.swift */,
				5240DB9822563F1900FD5CA8 /* PlayerServiceTests.swift */,
				5240DBB0225662A300FD5CA8 /* CacheServiceTests.swift */,
				5240DB9B2256408900FD5CA8 /* DZRImageViewTests.swift */,
				5C1A7D9C1A6558BC00092761 /* Supporting Files */,
			);
			path = DeezerExerciceTests;
			sourceTree = "<group>";
		};
		5C1A7D9C1A6558BC00092761 /* Supporting Files */ = {
			isa = PBXGroup;
			children = (
				5240DB8A2256316900FD5CA8 /* DeezerExerciceTests-Bridging-Header.h */,
				5C1A7D9D1A6558BC00092761 /* Info.plist */,
			);
			name = "Supporting Files";
			sourceTree = "<group>";
		};
/* End PBXGroup section */

/* Begin PBXNativeTarget section */
		5240DBA32256426600FD5CA8 /* DeezerExerciceUITests */ = {
			isa = PBXNativeTarget;
			buildConfigurationList = 5240DBAB2256426600FD5CA8 /* Build configuration list for PBXNativeTarget "DeezerExerciceUITests" */;
			buildPhases = (
				5240DBA02256426600FD5CA8 /* Sources */,
				5240DBA12256426600FD5CA8 /* Frameworks */,
				5240DBA22256426600FD5CA8 /* Resources */,
			);
			buildRules = (
			);
			dependencies = (
				5240DBAA2256426600FD5CA8 /* PBXTargetDependency */,
			);
			name = DeezerExerciceUITests;
			productName = DeezerExerciceUITests;
			productReference = 5240DBA42256426600FD5CA8 /* DeezerExerciceUITests.xctest */;
			productType = "com.apple.product-type.bundle.ui-testing";
		};
		5C1A7D7E1A6558BB00092761 /* DeezerExercice */ = {
			isa = PBXNativeTarget;
			buildConfigurationList = 5C1A7DA21A6558BC00092761 /* Build configuration list for PBXNativeTarget "DeezerExercice" */;
			buildPhases = (
				5C1A7D7B1A6558BB00092761 /* Sources */,
				5C1A7D7C1A6558BB00092761 /* Frameworks */,
				5C1A7D7D1A6558BB00092761 /* Resources */,
			);
			buildRules = (
			);
			dependencies = (
			);
			name = DeezerExercice;
			productName = DeezerExercice;
			productReference = 5C1A7D7F1A6558BB00092761 /* DeezerExercice.app */;
			productType = "com.apple.product-type.application";
		};
		5C1A7D971A6558BC00092761 /* DeezerExerciceTests */ = {
			isa = PBXNativeTarget;
			buildConfigurationList = 5C1A7DA51A6558BC00092761 /* Build configuration list for PBXNativeTarget "DeezerExerciceTests" */;
			buildPhases = (
				5C1A7D941A6558BC00092761 /* Sources */,
				5C1A7D951A6558BC00092761 /* Frameworks */,
				5C1A7D961A6558BC00092761 /* Resources */,
			);
			buildRules = (
			);
			dependencies = (
				5C1A7D9A1A6558BC00092761 /* PBXTargetDependency */,
			);
			name = DeezerExerciceTests;
			productName = DeezerExerciceTests;
			productReference = 5C1A7D981A6558BC00092761 /* DeezerExerciceTests.xctest */;
			productType = "com.apple.product-type.bundle.unit-test";
		};
/* End PBXNativeTarget section */

/* Begin PBXProject section */
		5C1A7D771A6558BB00092761 /* Project object */ = {
			isa = PBXProject;
			attributes = {
				LastSwiftUpdateCheck = 1020;
				LastUpgradeCheck = 1020;
				ORGANIZATIONNAME = Deezer;
				TargetAttributes = {
					5240DBA32256426600FD5CA8 = {
						CreatedOnToolsVersion = 10.2;
						ProvisioningStyle = Automatic;
						TestTargetID = 5C1A7D7E1A6558BB00092761;
					};
					5C1A7D7E1A6558BB00092761 = {
						CreatedOnToolsVersion = 6.1.1;
						DevelopmentTeam = 7ERLK54RKG;
						LastSwiftMigration = 1020;
					};
					5C1A7D971A6558BC00092761 = {
						CreatedOnToolsVersion = 6.1.1;
						LastSwiftMigration = 1020;
						TestTargetID = 5C1A7D7E1A6558BB00092761;
					};
				};
			};
			buildConfigurationList = 5C1A7D7A1A6558BB00092761 /* Build configuration list for PBXProject "DeezerExercice" */;
			compatibilityVersion = "Xcode 3.2";
			developmentRegion = en;
			hasScannedForEncodings = 0;
			knownRegions = (
				en,
				Base,
			);
			mainGroup = 5C1A7D761A6558BB00092761;
			productRefGroup = 5C1A7D801A6558BB00092761 /* Products */;
			projectDirPath = "";
			projectRoot = "";
			targets = (
				5C1A7D7E1A6558BB00092761 /* DeezerExercice */,
				5C1A7D971A6558BC00092761 /* DeezerExerciceTests */,
				5240DBA32256426600FD5CA8 /* DeezerExerciceUITests */,
			);
		};
/* End PBXProject section */

/* Begin PBXResourcesBuildPhase section */
		5240DBA22256426600FD5CA8 /* Resources */ = {
			isa = PBXResourcesBuildPhase;
			buildActionMask = 2147483647;
			files = (
			);
			runOnlyForDeploymentPostprocessing = 0;
		};
		5C1A7D7D1A6558BB00092761 /* Resources */ = {
			isa = PBXResourcesBuildPhase;
			buildActionMask = 2147483647;
			files = (
				5C1A7D8E1A6558BB00092761 /* Main.storyboard in Resources */,
				5C1A7D931A6558BB00092761 /* LaunchScreen.xib in Resources */,
				5C1A7D901A6558BB00092761 /* Images.xcassets in Resources */,
			);
			runOnlyForDeploymentPostprocessing = 0;
		};
		5C1A7D961A6558BC00092761 /* Resources */ = {
			isa = PBXResourcesBuildPhase;
			buildActionMask = 2147483647;
			files = (
			);
			runOnlyForDeploymentPostprocessing = 0;
		};
/* End PBXResourcesBuildPhase section */

/* Begin PBXSourcesBuildPhase section */
		5240DBA02256426600FD5CA8 /* Sources */ = {
			isa = PBXSourcesBuildPhase;
			buildActionMask = 2147483647;
			files = (
				5240DBA72256426600FD5CA8 /* DeezerExerciceUITests.swift in Sources */,
			);
			runOnlyForDeploymentPostprocessing = 0;
		};
		5C1A7D7B1A6558BB00092761 /* Sources */ = {
			isa = PBXSourcesBuildPhase;
			buildActionMask = 2147483647;
			files = (
				5229AEF3225495490018E1CD /* NetworkService.swift in Sources */,
				5287D0332253B8250068B509 /* UIView+Gradient.swift in Sources */,
				5287D00A22533CE40068B509 /* Album.swift in Sources */,
				52CA94E92255E5B8003BEB19 /* SearchArtistsHeaderView.swift in Sources */,
				5287D02B22538E6E0068B509 /* DZRColors.swift in Sources */,
				5229AEF5225498D70018E1CD /* SearchArtistsViewModel.swift in Sources */,
				5C1A7DAA1A65897200092761 /* SearchArtistsViewController.m in Sources */,
				5240DB762255F4AD00FD5CA8 /* OtherArtistCell.swift in Sources */,
				207BDDC42252906D006F938C /* AlbumDetailsViewModel.swift in Sources */,
				5287D00E225341370068B509 /* DZRError.swift in Sources */,
				52CA94E322550523003BEB19 /* PlayerService.swift in Sources */,
				5287D02F2253964A0068B509 /* DZRFonts.swift in Sources */,
				5240DBAF22565BFD00FD5CA8 /* CacheService.swift in Sources */,
				5C1A7D881A6558BB00092761 /* AppDelegate.m in Sources */,
				5287D013225352490068B509 /* UIViewController+Alert.swift in Sources */,
				52EE47A12254D31000D8409B /* DZRImageView.swift in Sources */,
				206BA4DB225534FE002D6B8E /* DZRAssets.swift in Sources */,
				5C1A7D851A6558BB00092761 /* main.m in Sources */,
				5287D015225358F60068B509 /* TrackCell.swift in Sources */,
				5287D02722537D540068B509 /* Artist.swift in Sources */,
				5C3304271A6E99B500561778 /* PopularArtistCell.m in Sources */,
				207BDDC6225290AB006F938C /* AlbumDetailsViewController.swift in Sources */,
				207BDDBF22528C67006F938C /* Track.swift in Sources */,
			);
			runOnlyForDeploymentPostprocessing = 0;
		};
		5C1A7D941A6558BC00092761 /* Sources */ = {
			isa = PBXSourcesBuildPhase;
			buildActionMask = 2147483647;
			files = (
				5240DB8F2256379A00FD5CA8 /* TrackTests.swift in Sources */,
				5240DB952256399F00FD5CA8 /* NetworkServiceTests.swift in Sources */,
				5240DB96225639E400FD5CA8 /* NetworkService.swift in Sources */,
				5240DB8D225636B500FD5CA8 /* Artist.swift in Sources */,
				5240DBB2225662D400FD5CA8 /* CacheService.swift in Sources */,
				5240DB8C2256316900FD5CA8 /* ArtistTests.swift in Sources */,
				5240DB90225637B700FD5CA8 /* Track.swift in Sources */,
				5240DBB1225662A300FD5CA8 /* CacheServiceTests.swift in Sources */,
				5240DB9922563F1900FD5CA8 /* PlayerServiceTests.swift in Sources */,
				5240DB9A22563F2200FD5CA8 /* PlayerService.swift in Sources */,
				5240DB9722563A0200FD5CA8 /* DZRError.swift in Sources */,
				5240DB92225638A000FD5CA8 /* AlbumTests.swift in Sources */,
				5240DB93225638BD00FD5CA8 /* Album.swift in Sources */,
				5240DB9D225640B000FD5CA8 /* DZRImageView.swift in Sources */,
				5240DB9C2256408900FD5CA8 /* DZRImageViewTests.swift in Sources */,
			);
			runOnlyForDeploymentPostprocessing = 0;
		};
/* End PBXSourcesBuildPhase section */

/* Begin PBXTargetDependency section */
		5240DBAA2256426600FD5CA8 /* PBXTargetDependency */ = {
			isa = PBXTargetDependency;
			target = 5C1A7D7E1A6558BB00092761 /* DeezerExercice */;
			targetProxy = 5240DBA92256426600FD5CA8 /* PBXContainerItemProxy */;
		};
		5C1A7D9A1A6558BC00092761 /* PBXTargetDependency */ = {
			isa = PBXTargetDependency;
			target = 5C1A7D7E1A6558BB00092761 /* DeezerExercice */;
			targetProxy = 5C1A7D991A6558BC00092761 /* PBXContainerItemProxy */;
		};
/* End PBXTargetDependency section */

/* Begin PBXVariantGroup section */
		5C1A7D8C1A6558BB00092761 /* Main.storyboard */ = {
			isa = PBXVariantGroup;
			children = (
				5C1A7D8D1A6558BB00092761 /* Base */,
			);
			name = Main.storyboard;
			sourceTree = "<group>";
		};
		5C1A7D911A6558BB00092761 /* LaunchScreen.xib */ = {
			isa = PBXVariantGroup;
			children = (
				5C1A7D921A6558BB00092761 /* Base */,
			);
			name = LaunchScreen.xib;
			sourceTree = "<group>";
		};
/* End PBXVariantGroup section */

/* Begin XCBuildConfiguration section */
		5240DBAC2256426600FD5CA8 /* Debug */ = {
			isa = XCBuildConfiguration;
			buildSettings = {
				CLANG_ANALYZER_NONNULL = YES;
				CLANG_ANALYZER_NUMBER_OBJECT_CONVERSION = YES_AGGRESSIVE;
				CLANG_CXX_LANGUAGE_STANDARD = "gnu++14";
				CLANG_ENABLE_OBJC_WEAK = YES;
				CLANG_WARN_DOCUMENTATION_COMMENTS = YES;
				CLANG_WARN_UNGUARDED_AVAILABILITY = YES_AGGRESSIVE;
				CODE_SIGN_IDENTITY = "iPhone Developer";
				CODE_SIGN_STYLE = Automatic;
				DEBUG_INFORMATION_FORMAT = dwarf;
				GCC_C_LANGUAGE_STANDARD = gnu11;
				INFOPLIST_FILE = DeezerExerciceUITests/Info.plist;
				IPHONEOS_DEPLOYMENT_TARGET = 12.2;
				LD_RUNPATH_SEARCH_PATHS = "$(inherited) @executable_path/Frameworks @loader_path/Frameworks";
				MTL_ENABLE_DEBUG_INFO = INCLUDE_SOURCE;
				MTL_FAST_MATH = YES;
				PRODUCT_BUNDLE_IDENTIFIER = com.lectra.DeezerExerciceUITests;
				PRODUCT_NAME = "$(TARGET_NAME)";
				SWIFT_ACTIVE_COMPILATION_CONDITIONS = DEBUG;
				SWIFT_OPTIMIZATION_LEVEL = "-Onone";
				SWIFT_VERSION = 5.0;
				TARGETED_DEVICE_FAMILY = "1,2";
				TEST_TARGET_NAME = DeezerExercice;
			};
			name = Debug;
		};
		5240DBAD2256426600FD5CA8 /* Release */ = {
			isa = XCBuildConfiguration;
			buildSettings = {
				CLANG_ANALYZER_NONNULL = YES;
				CLANG_ANALYZER_NUMBER_OBJECT_CONVERSION = YES_AGGRESSIVE;
				CLANG_CXX_LANGUAGE_STANDARD = "gnu++14";
				CLANG_ENABLE_OBJC_WEAK = YES;
				CLANG_WARN_DOCUMENTATION_COMMENTS = YES;
				CLANG_WARN_UNGUARDED_AVAILABILITY = YES_AGGRESSIVE;
				CODE_SIGN_IDENTITY = "iPhone Developer";
				CODE_SIGN_STYLE = Automatic;
				COPY_PHASE_STRIP = NO;
				DEBUG_INFORMATION_FORMAT = "dwarf-with-dsym";
				GCC_C_LANGUAGE_STANDARD = gnu11;
				INFOPLIST_FILE = DeezerExerciceUITests/Info.plist;
				IPHONEOS_DEPLOYMENT_TARGET = 12.2;
				LD_RUNPATH_SEARCH_PATHS = "$(inherited) @executable_path/Frameworks @loader_path/Frameworks";
				MTL_FAST_MATH = YES;
				PRODUCT_BUNDLE_IDENTIFIER = com.lectra.DeezerExerciceUITests;
				PRODUCT_NAME = "$(TARGET_NAME)";
				SWIFT_OPTIMIZATION_LEVEL = "-O";
				SWIFT_VERSION = 5.0;
				TARGETED_DEVICE_FAMILY = "1,2";
				TEST_TARGET_NAME = DeezerExercice;
			};
			name = Release;
		};
		5C1A7DA01A6558BC00092761 /* Debug */ = {
			isa = XCBuildConfiguration;
			buildSettings = {
				ALWAYS_SEARCH_USER_PATHS = NO;
				CLANG_ANALYZER_LOCALIZABILITY_NONLOCALIZED = YES;
				CLANG_CXX_LANGUAGE_STANDARD = "gnu++0x";
				CLANG_CXX_LIBRARY = "libc++";
				CLANG_ENABLE_MODULES = YES;
				CLANG_ENABLE_OBJC_ARC = YES;
				CLANG_WARN_BLOCK_CAPTURE_AUTORELEASING = YES;
				CLANG_WARN_BOOL_CONVERSION = YES;
				CLANG_WARN_COMMA = YES;
				CLANG_WARN_CONSTANT_CONVERSION = YES;
				CLANG_WARN_DEPRECATED_OBJC_IMPLEMENTATIONS = YES;
				CLANG_WARN_DIRECT_OBJC_ISA_USAGE = YES_ERROR;
				CLANG_WARN_EMPTY_BODY = YES;
				CLANG_WARN_ENUM_CONVERSION = YES;
				CLANG_WARN_INFINITE_RECURSION = YES;
				CLANG_WARN_INT_CONVERSION = YES;
				CLANG_WARN_NON_LITERAL_NULL_CONVERSION = YES;
				CLANG_WARN_OBJC_IMPLICIT_RETAIN_SELF = YES;
				CLANG_WARN_OBJC_LITERAL_CONVERSION = YES;
				CLANG_WARN_OBJC_ROOT_CLASS = YES_ERROR;
				CLANG_WARN_RANGE_LOOP_ANALYSIS = YES;
				CLANG_WARN_STRICT_PROTOTYPES = YES;
				CLANG_WARN_SUSPICIOUS_MOVE = YES;
				CLANG_WARN_UNREACHABLE_CODE = YES;
				CLANG_WARN__DUPLICATE_METHOD_MATCH = YES;
				"CODE_SIGN_IDENTITY[sdk=iphoneos*]" = "iPhone Developer";
				COPY_PHASE_STRIP = NO;
				ENABLE_STRICT_OBJC_MSGSEND = YES;
				ENABLE_TESTABILITY = YES;
				GCC_C_LANGUAGE_STANDARD = gnu99;
				GCC_DYNAMIC_NO_PIC = NO;
				GCC_NO_COMMON_BLOCKS = YES;
				GCC_OPTIMIZATION_LEVEL = 0;
				GCC_PREPROCESSOR_DEFINITIONS = (
					"DEBUG=1",
					"$(inherited)",
				);
				GCC_SYMBOLS_PRIVATE_EXTERN = NO;
				GCC_WARN_64_TO_32_BIT_CONVERSION = YES;
				GCC_WARN_ABOUT_RETURN_TYPE = YES_ERROR;
				GCC_WARN_UNDECLARED_SELECTOR = YES;
				GCC_WARN_UNINITIALIZED_AUTOS = YES_AGGRESSIVE;
				GCC_WARN_UNUSED_FUNCTION = YES;
				GCC_WARN_UNUSED_VARIABLE = YES;
				IPHONEOS_DEPLOYMENT_TARGET = 8.0;
				MTL_ENABLE_DEBUG_INFO = YES;
				ONLY_ACTIVE_ARCH = YES;
				SDKROOT = iphoneos;
				TARGETED_DEVICE_FAMILY = "1,2";
			};
			name = Debug;
		};
		5C1A7DA11A6558BC00092761 /* Release */ = {
			isa = XCBuildConfiguration;
			buildSettings = {
				ALWAYS_SEARCH_USER_PATHS = NO;
				CLANG_ANALYZER_LOCALIZABILITY_NONLOCALIZED = YES;
				CLANG_CXX_LANGUAGE_STANDARD = "gnu++0x";
				CLANG_CXX_LIBRARY = "libc++";
				CLANG_ENABLE_MODULES = YES;
				CLANG_ENABLE_OBJC_ARC = YES;
				CLANG_WARN_BLOCK_CAPTURE_AUTORELEASING = YES;
				CLANG_WARN_BOOL_CONVERSION = YES;
				CLANG_WARN_COMMA = YES;
				CLANG_WARN_CONSTANT_CONVERSION = YES;
				CLANG_WARN_DEPRECATED_OBJC_IMPLEMENTATIONS = YES;
				CLANG_WARN_DIRECT_OBJC_ISA_USAGE = YES_ERROR;
				CLANG_WARN_EMPTY_BODY = YES;
				CLANG_WARN_ENUM_CONVERSION = YES;
				CLANG_WARN_INFINITE_RECURSION = YES;
				CLANG_WARN_INT_CONVERSION = YES;
				CLANG_WARN_NON_LITERAL_NULL_CONVERSION = YES;
				CLANG_WARN_OBJC_IMPLICIT_RETAIN_SELF = YES;
				CLANG_WARN_OBJC_LITERAL_CONVERSION = YES;
				CLANG_WARN_OBJC_ROOT_CLASS = YES_ERROR;
				CLANG_WARN_RANGE_LOOP_ANALYSIS = YES;
				CLANG_WARN_STRICT_PROTOTYPES = YES;
				CLANG_WARN_SUSPICIOUS_MOVE = YES;
				CLANG_WARN_UNREACHABLE_CODE = YES;
				CLANG_WARN__DUPLICATE_METHOD_MATCH = YES;
				"CODE_SIGN_IDENTITY[sdk=iphoneos*]" = "iPhone Developer";
				COPY_PHASE_STRIP = YES;
				ENABLE_NS_ASSERTIONS = NO;
				ENABLE_STRICT_OBJC_MSGSEND = YES;
				GCC_C_LANGUAGE_STANDARD = gnu99;
				GCC_NO_COMMON_BLOCKS = YES;
				GCC_WARN_64_TO_32_BIT_CONVERSION = YES;
				GCC_WARN_ABOUT_RETURN_TYPE = YES_ERROR;
				GCC_WARN_UNDECLARED_SELECTOR = YES;
				GCC_WARN_UNINITIALIZED_AUTOS = YES_AGGRESSIVE;
				GCC_WARN_UNUSED_FUNCTION = YES;
				GCC_WARN_UNUSED_VARIABLE = YES;
				IPHONEOS_DEPLOYMENT_TARGET = 8.0;
				MTL_ENABLE_DEBUG_INFO = NO;
				SDKROOT = iphoneos;
				SWIFT_COMPILATION_MODE = wholemodule;
				TARGETED_DEVICE_FAMILY = "1,2";
				VALIDATE_PRODUCT = YES;
			};
			name = Release;
		};
		5C1A7DA31A6558BC00092761 /* Debug */ = {
			isa = XCBuildConfiguration;
			buildSettings = {
				ASSETCATALOG_COMPILER_APPICON_NAME = AppIcon;
				CLANG_ENABLE_MODULES = YES;
				DEVELOPMENT_TEAM = 7ERLK54RKG;
				INFOPLIST_FILE = DeezerExercice/Info.plist;
				IPHONEOS_DEPLOYMENT_TARGET = 11.0;
				LD_RUNPATH_SEARCH_PATHS = "$(inherited) @executable_path/Frameworks";
				PRODUCT_BUNDLE_IDENTIFIER = com.deezer.DeezerExercice.mmaheo;
				PRODUCT_NAME = "$(TARGET_NAME)";
				SWIFT_OBJC_BRIDGING_HEADER = "DeezerExercice/DeezerExercice-Bridging-Header.h";
				SWIFT_OPTIMIZATION_LEVEL = "-Onone";
				SWIFT_VERSION = 5.0;
			};
			name = Debug;
		};
		5C1A7DA41A6558BC00092761 /* Release */ = {
			isa = XCBuildConfiguration;
			buildSettings = {
				ASSETCATALOG_COMPILER_APPICON_NAME = AppIcon;
				CLANG_ENABLE_MODULES = YES;
				DEVELOPMENT_TEAM = 7ERLK54RKG;
				INFOPLIST_FILE = DeezerExercice/Info.plist;
				IPHONEOS_DEPLOYMENT_TARGET = 11.0;
				LD_RUNPATH_SEARCH_PATHS = "$(inherited) @executable_path/Frameworks";
				PRODUCT_BUNDLE_IDENTIFIER = com.deezer.DeezerExercice.mmaheo;
				PRODUCT_NAME = "$(TARGET_NAME)";
				SWIFT_OBJC_BRIDGING_HEADER = "DeezerExercice/DeezerExercice-Bridging-Header.h";
				SWIFT_VERSION = 5.0;
			};
			name = Release;
		};
		5C1A7DA61A6558BC00092761 /* Debug */ = {
			isa = XCBuildConfiguration;
			buildSettings = {
				ALWAYS_EMBED_SWIFT_STANDARD_LIBRARIES = YES;
				BUNDLE_LOADER = "$(TEST_HOST)";
				CLANG_ENABLE_MODULES = YES;
				FRAMEWORK_SEARCH_PATHS = (
					"$(SDKROOT)/Developer/Library/Frameworks",
					"$(inherited)",
				);
				GCC_PREPROCESSOR_DEFINITIONS = (
					"DEBUG=1",
					"$(inherited)",
				);
				INFOPLIST_FILE = DeezerExerciceTests/Info.plist;
				LD_RUNPATH_SEARCH_PATHS = "$(inherited) @executable_path/Frameworks @loader_path/Frameworks";
				PRODUCT_BUNDLE_IDENTIFIER = "com.deezer.$(PRODUCT_NAME:rfc1034identifier)";
				PRODUCT_NAME = "$(TARGET_NAME)";
				SWIFT_OBJC_BRIDGING_HEADER = "DeezerExerciceTests/DeezerExerciceTests-Bridging-Header.h";
				SWIFT_OPTIMIZATION_LEVEL = "-Onone";
				SWIFT_VERSION = 5.0;
				TEST_HOST = "$(BUILT_PRODUCTS_DIR)/DeezerExercice.app/DeezerExercice";
			};
			name = Debug;
		};
		5C1A7DA71A6558BC00092761 /* Release */ = {
			isa = XCBuildConfiguration;
			buildSettings = {
				ALWAYS_EMBED_SWIFT_STANDARD_LIBRARIES = YES;
				BUNDLE_LOADER = "$(TEST_HOST)";
				CLANG_ENABLE_MODULES = YES;
				FRAMEWORK_SEARCH_PATHS = (
					"$(SDKROOT)/Developer/Library/Frameworks",
					"$(inherited)",
				);
				INFOPLIST_FILE = DeezerExerciceTests/Info.plist;
				LD_RUNPATH_SEARCH_PATHS = "$(inherited) @executable_path/Frameworks @loader_path/Frameworks";
				PRODUCT_BUNDLE_IDENTIFIER = "com.deezer.$(PRODUCT_NAME:rfc1034identifier)";
				PRODUCT_NAME = "$(TARGET_NAME)";
				SWIFT_OBJC_BRIDGING_HEADER = "DeezerExerciceTests/DeezerExerciceTests-Bridging-Header.h";
				SWIFT_VERSION = 5.0;
				TEST_HOST = "$(BUILT_PRODUCTS_DIR)/DeezerExercice.app/DeezerExercice";
			};
			name = Release;
		};
/* End XCBuildConfiguration section */

/* Begin XCConfigurationList section */
		5240DBAB2256426600FD5CA8 /* Build configuration list for PBXNativeTarget "DeezerExerciceUITests" */ = {
			isa = XCConfigurationList;
			buildConfigurations = (
				5240DBAC2256426600FD5CA8 /* Debug */,
				5240DBAD2256426600FD5CA8 /* Release */,
			);
			defaultConfigurationIsVisible = 0;
			defaultConfigurationName = Release;
		};
		5C1A7D7A1A6558BB00092761 /* Build configuration list for PBXProject "DeezerExercice" */ = {
			isa = XCConfigurationList;
			buildConfigurations = (
				5C1A7DA01A6558BC00092761 /* Debug */,
				5C1A7DA11A6558BC00092761 /* Release */,
			);
			defaultConfigurationIsVisible = 0;
			defaultConfigurationName = Release;
		};
		5C1A7DA21A6558BC00092761 /* Build configuration list for PBXNativeTarget "DeezerExercice" */ = {
			isa = XCConfigurationList;
			buildConfigurations = (
				5C1A7DA31A6558BC00092761 /* Debug */,
				5C1A7DA41A6558BC00092761 /* Release */,
			);
			defaultConfigurationIsVisible = 0;
			defaultConfigurationName = Release;
		};
		5C1A7DA51A6558BC00092761 /* Build configuration list for PBXNativeTarget "DeezerExerciceTests" */ = {
			isa = XCConfigurationList;
			buildConfigurations = (
				5C1A7DA61A6558BC00092761 /* Debug */,
				5C1A7DA71A6558BC00092761 /* Release */,
			);
			defaultConfigurationIsVisible = 0;
			defaultConfigurationName = Release;
		};
/* End XCConfigurationList section */
	};
	rootObject = 5C1A7D771A6558BB00092761 /* Project object */;
}
